{
  "name": "ipp5-terraformer",
  "version": "0.0.0",
  "lockfileVersion": 3,
  "requires": true,
  "packages": {
    "": {
      "name": "ipp5-terraformer",
      "version": "0.0.0",
      "license": "MIT",
      "dependencies": {
        "azure-terraformer": "github:e53e04ac/azure-terraformer",
        "base": "github:e53e04ac/base",
        "event-emitter": "github:e53e04ac/event-emitter",
        "hold": "github:e53e04ac/hold",
        "ipp5-configuration": "github:e53e04ac/ipp5-configuration"
      },
      "devDependencies": {
        "@types/node": "^18.11.19"
      },
      "engines": {
        "node": ">=18.14.2",
        "npm": ">=9.5.0"
      }
    },
    "node_modules/@types/node": {
      "version": "18.15.11",
      "resolved": "https://registry.npmjs.org/@types/node/-/node-18.15.11.tgz",
      "integrity": "sha512-E5Kwq2n4SbMzQOn6wnmBjuK9ouqlURrcZDVfbo9ftDDTFt3nk7ZKK4GMOzoYgnpQJKcxwQw+lGaBvvlMo0qN/Q==",
      "dev": true
    },
    "node_modules/azure-terraformer": {
      "version": "0.0.0",
      "resolved": "git+ssh://git@github.com/e53e04ac/azure-terraformer.git#88063530559233a0139b1cd10d84f9dc3d356366",
      "license": "MIT",
      "dependencies": {
        "event-emitter": "github:e53e04ac/event-emitter",
        "hold": "github:e53e04ac/hold",
        "string-template": "github:e53e04ac/string-template"
      },
      "engines": {
        "node": ">=18.14.2",
        "npm": ">=9.5.0"
      }
    },
    "node_modules/base": {
      "version": "0.0.0",
      "resolved": "git+ssh://git@github.com/e53e04ac/base.git#58b103e868bb808365f57a91729e725c379c93a1",
      "license": "MIT",
      "dependencies": {
        "hold": "github:e53e04ac/hold"
      },
      "engines": {
        "node": ">=18.14.2",
        "npm": ">=9.5.0"
      }
    },
    "node_modules/event-emitter": {
      "version": "0.0.0",
      "resolved": "git+ssh://git@github.com/e53e04ac/event-emitter.git#b07aafda2d8ddb14a40a0fe63ea41de2b8b58ca3",
      "license": "MIT",
      "dependencies": {
        "base": "github:e53e04ac/base",
        "hold": "github:e53e04ac/hold"
      },
      "engines": {
        "node": ">=18.14.2",
        "npm": ">=9.5.0"
      }
    },
    "node_modules/file-entry-native": {
      "version": "0.0.0",
      "resolved": "git+ssh://git@github.com/e53e04ac/file-entry-native.git#d75a642bb73e256d7304076bb54771d9a807ff33",
      "license": "MIT",
      "dependencies": {
        "base": "github:e53e04ac/base",
        "hold": "github:e53e04ac/hold"
      },
      "engines": {
        "node": ">=18.14.2",
        "npm": ">=9.5.0"
      }
    },
    "node_modules/hold": {
      "version": "0.0.0",
      "resolved": "git+ssh://git@github.com/e53e04ac/hold.git#6ce132702778d99c7f80a785e982419974dca8e5",
      "license": "MIT",
      "engines": {
        "node": ">=18.14.2",
        "npm": ">=9.5.0"
      }
    },
    "node_modules/ipp5-configuration": {
      "version": "0.0.0",
      "resolved": "git+ssh://git@github.com/e53e04ac/ipp5-configuration.git#fd5a4e687f49d4f3cd226f5ec4e1c1de7a322e4d",
      "license": "MIT",
      "dependencies": {
        "base": "github:e53e04ac/base",
        "file-entry-native": "github:e53e04ac/file-entry-native",
        "hold": "github:e53e04ac/hold"
      },
      "engines": {
        "node": ">=18.14.2",
        "npm": ">=9.5.0"
      }
    },
    "node_modules/string-template": {
      "version": "0.0.0",
      "resolved": "git+ssh://git@github.com/e53e04ac/string-template.git#e188640a5f4998f2fa9d4c8715d2f6b1329403de",
      "license": "MIT",
      "dependencies": {
        "event-emitter": "github:e53e04ac/event-emitter",
        "hold": "github:e53e04ac/hold"
      },
      "engines": {
        "node": ">=18.14.2",
        "npm": ">=9.5.0"
      }
    }
  }
}
