{
  "name": "ipp5-terraformer",
  "version": "0.0.0",
  "lockfileVersion": 3,
  "requires": true,
  "packages": {
    "": {
      "name": "ipp5-terraformer",
      "version": "0.0.0",
      "license": "MIT",
      "dependencies": {
        "azure-terraformer": "github:e53e04ac/azure-terraformer",
        "base": "github:e53e04ac/base",
        "event-emitter": "github:e53e04ac/event-emitter",
        "hold": "github:e53e04ac/hold",
        "ipp5-configuration": "github:e53e04ac/ipp5-configuration"
      },
      "devDependencies": {
        "@types/node": "^18.15.5"
      },
      "engines": {
        "node": ">=18.14.2",
        "npm": ">=9.5.0"
      }
    },
    "node_modules/@types/node": {
      "version": "18.15.5",
      "resolved": "https://registry.npmjs.org/@types/node/-/node-18.15.5.tgz",
      "integrity": "sha512-Ark2WDjjZO7GmvsyFFf81MXuGTA/d6oP38anyxWOL6EREyBKAxKoFHwBhaZxCfLRLpO8JgVXwqOwSwa7jRcjew==",
      "dev": true
    },
    "node_modules/azure-terraformer": {
      "version": "0.0.0",
      "resolved": "git+ssh://git@github.com/e53e04ac/azure-terraformer.git#b192a6b3fb5efd1f7a188f53b3878ee310f8cd51",
      "license": "MIT",
      "dependencies": {
        "event-emitter": "github:e53e04ac/event-emitter",
        "hold": "github:e53e04ac/hold",
        "string-template": "github:e53e04ac/string-template"
      },
      "engines": {
        "node": ">=18.14.2",
        "npm": ">=9.5.0"
      }
    },
    "node_modules/base": {
      "version": "0.0.0",
      "resolved": "git+ssh://git@github.com/e53e04ac/base.git#670acc97a4738c5d59ad80088971762efc970b18",
      "license": "MIT",
      "dependencies": {
        "hold": "github:e53e04ac/hold"
      },
      "engines": {
        "node": ">=18.14.2",
        "npm": ">=9.5.0"
      }
    },
    "node_modules/event-emitter": {
      "version": "0.0.0",
      "resolved": "git+ssh://git@github.com/e53e04ac/event-emitter.git#db90659b1c25a4e17e8a8dbf8920a630fd30321d",
      "license": "MIT",
      "dependencies": {
        "base": "github:e53e04ac/base",
        "hold": "github:e53e04ac/hold"
      },
      "engines": {
        "node": ">=18.14.2",
        "npm": ">=9.5.0"
      }
    },
    "node_modules/file-entry-native": {
      "version": "0.0.0",
      "resolved": "git+ssh://git@github.com/e53e04ac/file-entry-native.git#26c4ace9610606e884be3c2af2bf69fe10662193",
      "license": "MIT",
      "dependencies": {
        "base": "github:e53e04ac/base",
        "hold": "github:e53e04ac/hold"
      },
      "engines": {
        "node": ">=18.14.2",
        "npm": ">=9.5.0"
      }
    },
    "node_modules/hold": {
      "version": "0.0.0",
      "resolved": "git+ssh://git@github.com/e53e04ac/hold.git#472cfb85bada328cba9c6faddcf45b1241761027",
      "license": "MIT",
      "engines": {
        "node": ">=18.14.2",
        "npm": ">=9.5.0"
      }
    },
    "node_modules/ipp5-configuration": {
      "version": "0.0.0",
      "resolved": "git+ssh://git@github.com/e53e04ac/ipp5-configuration.git#0b56775b6c9d2897cd8ecf32672c53f64dc13d6b",
      "license": "MIT",
      "dependencies": {
        "base": "github:e53e04ac/base",
        "file-entry-native": "github:e53e04ac/file-entry-native",
        "hold": "github:e53e04ac/hold"
      },
      "engines": {
        "node": ">=18.14.2",
        "npm": ">=9.5.0"
      }
    },
    "node_modules/string-template": {
      "version": "0.0.0",
      "resolved": "git+ssh://git@github.com/e53e04ac/string-template.git#c4c6b7125599cbaee5d409397e43fd8379624b75",
      "license": "MIT",
      "dependencies": {
        "event-emitter": "github:e53e04ac/event-emitter",
        "hold": "github:e53e04ac/hold"
      },
      "engines": {
        "node": ">=18.14.2",
        "npm": ">=9.5.0"
      }
    }
  }
}
